github.com/AmazingRise/rise-jvm-core v1.0.0 h1:UWjmiEb8ExVRv8dYuY45vjIbmTEJ1WfsD12TzqziNb4=
github.com/AmazingRise/rise-jvm-core v1.0.0/go.mod h1:z6QGB9PbyqtbbxyzjOCaR3x5HZMfmyFEp3+EiYX4NVo=
github.com/AmazingRise/rise-jvm-core v1.0.1 h1:wXbDHte/jTTP3rXotOsglgrD+CNz5fX+9YEPmQvY0Xk=
github.com/AmazingRise/rise-jvm-core v1.0.1/go.mod h1:z6QGB9PbyqtbbxyzjOCaR3x5HZMfmyFEp3+EiYX4NVo=
